{
  "object": {
    "pins": [
      {
        "package": "CwlCatchException",
        "repositoryURL": "https://github.com/mattgallagher/CwlCatchException.git",
        "state": {
          "branch": null,
          "revision": "682841464136f8c66e04afe5dbd01ab51a3a56f2",
          "version": "2.1.0"
        }
      },
      {
        "package": "CwlPreconditionTesting",
        "repositoryURL": "https://github.com/mattgallagher/CwlPreconditionTesting.git",
        "state": {
          "branch": null,
          "revision": "02b7a39a99c4da27abe03cab2053a9034379639f",
          "version": "2.0.0"
        }
      },
      {
        "package": "nimble",
        "repositoryURL": "https://github.com/quick/nimble",
        "state": {
          "branch": "main",
          "revision": "040609713e87bb009890a519d5e9e01e6b55daa2",
          "version": null
        }
      }
    ]
  },
  "version": 1
}
